{
  "version": 4,
  "terraform_version": "1.12.2",
  "serial": 455,
  "lineage": "829c93cb-d645-97a4-3071-df04b5a31cd7",
  "outputs": {},
  "resources": [
    {
      "mode": "managed",
      "type": "aws_vpc",
      "name": "cloud_drive",
      "provider": "provider[\"registry.terraform.io/hashicorp/aws\"]",
      "instances": [
        {
          "schema_version": 1,
          "attributes": {
            "arn": "arn:aws:ec2:ap-southeast-1:169447612702:vpc/vpc-05cc51b91fef924e6",
            "assign_generated_ipv6_cidr_block": false,
            "cidr_block": "172.16.0.0/16",
            "default_network_acl_id": "acl-0addab493f0c978e2",
            "default_route_table_id": "rtb-0a5f214fb15d7a93d",
            "default_security_group_id": "sg-07b9497d684a54fd4",
            "dhcp_options_id": "dopt-0851eb65bc59b1a24",
            "enable_dns_hostnames": true,
            "enable_dns_support": true,
            "enable_network_address_usage_metrics": false,
            "id": "vpc-05cc51b91fef924e6",
            "instance_tenancy": "default",
            "ipv4_ipam_pool_id": null,
            "ipv4_netmask_length": null,
            "ipv6_association_id": "",
            "ipv6_cidr_block": "",
            "ipv6_cidr_block_network_border_group": "",
            "ipv6_ipam_pool_id": "",
            "ipv6_netmask_length": 0,
            "main_route_table_id": "rtb-0a5f214fb15d7a93d",
            "owner_id": "169447612702",
            "region": "ap-southeast-1",
            "tags": {
              "Name": "cloud-drive-vpc"
            },
            "tags_all": {
              "Name": "cloud-drive-vpc"
            }
          },
          "sensitive_attributes": [],
          "identity_schema_version": 0,
          "private": "eyJzY2hlbWFfdmVyc2lvbiI6IjEifQ==",
          "create_before_destroy": true
        }
      ]
    }
  ],
  "check_results": null
}
